
Microsoft Visual Studio Solution File, Format Version 12.00
# Visual Studio Version 16
VisualStudioVersion = 16.0.30002.166
MinimumVisualStudioVersion = 10.0.40219.1
Project("{FAE04EC0-301F-11D3-BF4B-00C04F79EFBC}") = "Gradebook", "Gradebook\Gradebook.csproj", "{802EF770-5456-4F3F-9AB0-2C35346A34EE}"
EndProject
Global
	GlobalSection(SolutionConfigurationPlatforms) = preSolution
		Debug|Any CPU = Debug|Any CPU
		Release|Any CPU = Release|Any CPU
	EndGlobalSection
	GlobalSection(ProjectConfigurationPlatforms) = postSolution
		{802EF770-5456-4F3F-9AB0-2C35346A34EE}.Debug|Any CPU.ActiveCfg = Debug|Any CPU
		{802EF770-5456-4F3F-9AB0-2C35346A34EE}.Debug|Any CPU.Build.0 = Debug|Any CPU
		{802EF770-5456-4F3F-9AB0-2C35346A34EE}.Release|Any CPU.ActiveCfg = Release|Any CPU
		{802EF770-5456-4F3F-9AB0-2C35346A34EE}.Release|Any CPU.Build.0 = Release|Any CPU
	EndGlobalSection
	GlobalSection(SolutionProperties) = preSolution
		HideSolutionNode = FALSE
	EndGlobalSection
	GlobalSection(ExtensibilityGlobals) = postSolution
		SolutionGuid = {FD804DD1-B765-4446-BED0-DDA5A5338C8E}
	EndGlobalSection
EndGlobal
